
Microsoft Visual Studio Solution File, Format Version 12.00
# Visual Studio Version 16
VisualStudioVersion = 25.0.1704.4
MinimumVisualStudioVersion = 10.0.40219.1
Project("{FAE04EC0-301F-11D3-BF4B-00C04F79EFBC}") = "FactoryPattern", "FactoryPattern.csproj", "{2CA4A149-B00D-4A22-91F7-E97B6F87106A}"
EndProject
Global
	GlobalSection(SolutionConfigurationPlatforms) = preSolution
		Debug|Any CPU = Debug|Any CPU
		Release|Any CPU = Release|Any CPU
	EndGlobalSection
	GlobalSection(ProjectConfigurationPlatforms) = postSolution
		{2CA4A149-B00D-4A22-91F7-E97B6F87106A}.Debug|Any CPU.ActiveCfg = Debug|Any CPU
		{2CA4A149-B00D-4A22-91F7-E97B6F87106A}.Debug|Any CPU.Build.0 = Debug|Any CPU
		{2CA4A149-B00D-4A22-91F7-E97B6F87106A}.Release|Any CPU.ActiveCfg = Release|Any CPU
		{2CA4A149-B00D-4A22-91F7-E97B6F87106A}.Release|Any CPU.Build.0 = Release|Any CPU
	EndGlobalSection
	GlobalSection(SolutionProperties) = preSolution
		HideSolutionNode = FALSE
	EndGlobalSection
	GlobalSection(ExtensibilityGlobals) = postSolution
		SolutionGuid = {E6E3F6FB-3633-461D-81E0-4A9685BE8B68}
	EndGlobalSection
EndGlobal
